{
  "name": "rust-devcontainers",
  "lockfileVersion": 3,
  "requires": true,
  "packages": {
    "": {
      "devDependencies": {
        "dbmate": "^2.5.0"
      }
    },
    "node_modules/@dbmate/darwin-arm64": {
      "version": "2.5.0",
      "resolved": "https://registry.npmjs.org/@dbmate/darwin-arm64/-/darwin-arm64-2.5.0.tgz",
      "integrity": "sha512-Z2FUQot8DRjjS/+1qgLq5iNbpCEn+QjW6oI9iAfb4/075NuVuOxbOiAGUxbRHr65iNaWX3FPiaLP0GaMLK6Rlw==",
      "cpu": [
        "arm64"
      ],
      "dev": true,
      "optional": true,
      "os": [
        "darwin"
      ]
    },
    "node_modules/@dbmate/darwin-x64": {
      "version": "2.5.0",
      "resolved": "https://registry.npmjs.org/@dbmate/darwin-x64/-/darwin-x64-2.5.0.tgz",
      "integrity": "sha512-ot3FcLO74yWE2r95gavwCwPt7HCFTYjR+S0OClJBuz5GZ5Seon+Gz/vWf2YHwG3+J4v8hJltKdMVSE0pVKYnag==",
      "cpu": [
        "x64"
      ],
      "dev": true,
      "optional": true,
      "os": [
        "darwin"
      ]
    },
    "node_modules/@dbmate/linux-arm": {
      "version": "2.5.0",
      "resolved": "https://registry.npmjs.org/@dbmate/linux-arm/-/linux-arm-2.5.0.tgz",
      "integrity": "sha512-qxr0b85Zd8DlcZzlPbL4kTHzCoSxGYXCbaFCSUWAbkBPhCg7ECYDGlCjvXN53EE04TTicYJr7P57WKMQaoCpgg==",
      "cpu": [
        "arm"
      ],
      "dev": true,
      "optional": true,
      "os": [
        "linux"
      ]
    },
    "node_modules/@dbmate/linux-arm64": {
      "version": "2.5.0",
      "resolved": "https://registry.npmjs.org/@dbmate/linux-arm64/-/linux-arm64-2.5.0.tgz",
      "integrity": "sha512-07DNXlLzfGjVtttpCKzFmK3u/W06wKuHeijevN7zMtnkYaMBGrME1UVtqokzJ5o30H2dNfl7Y49SZ0UQW0o7fg==",
      "cpu": [
        "arm64"
      ],
      "dev": true,
      "optional": true,
      "os": [
        "linux"
      ]
    },
    "node_modules/@dbmate/linux-ia32": {
      "version": "2.5.0",
      "resolved": "https://registry.npmjs.org/@dbmate/linux-ia32/-/linux-ia32-2.5.0.tgz",
      "integrity": "sha512-PA/8r1DM0ZezqiWDOFBKkMktQsTyFiwwrHDniGyddV7ngjyond8hVXauJ81ojrPlWtO5IZM1J9khmoZ7c0SVcA==",
      "cpu": [
        "ia32"
      ],
      "dev": true,
      "optional": true,
      "os": [
        "linux"
      ]
    },
    "node_modules/@dbmate/linux-x64": {
      "version": "2.5.0",
      "resolved": "https://registry.npmjs.org/@dbmate/linux-x64/-/linux-x64-2.5.0.tgz",
      "integrity": "sha512-uajCJo2G+WX5fB3o/B9v+tm7eQTu3y4GPFweh4jZdRrA7FnAnKBOYrBH8im8mwaEtni4E5pkS4bbOUilviNvUQ==",
      "cpu": [
        "x64"
      ],
      "dev": true,
      "optional": true,
      "os": [
        "linux"
      ]
    },
    "node_modules/@dbmate/win32-x64": {
      "version": "2.5.0",
      "resolved": "https://registry.npmjs.org/@dbmate/win32-x64/-/win32-x64-2.5.0.tgz",
      "integrity": "sha512-eDfQ4Udx3wP3bX6aYZjNgylD1T7Kc5RH2Zvh3e7wiIo8BkBir3hvimfFSj2u4B0ddWguamtAXFNarJ4Ttb1FFA==",
      "cpu": [
        "x64"
      ],
      "dev": true,
      "optional": true,
      "os": [
        "win32"
      ]
    },
    "node_modules/dbmate": {
      "version": "2.5.0",
      "resolved": "https://registry.npmjs.org/dbmate/-/dbmate-2.5.0.tgz",
      "integrity": "sha512-ndyp4X4vBmc67x1pE/P5YKXQEPkSiLi4BmcwK4Mr7sZaDWvVJffC5O3ay+W8vMHZAlW4yC3WJXf2XeJMgUCW3g==",
      "dev": true,
      "bin": {
        "dbmate": "dist/cli.js"
      },
      "optionalDependencies": {
        "@dbmate/darwin-arm64": "2.5.0",
        "@dbmate/darwin-x64": "2.5.0",
        "@dbmate/linux-arm": "2.5.0",
        "@dbmate/linux-arm64": "2.5.0",
        "@dbmate/linux-ia32": "2.5.0",
        "@dbmate/linux-x64": "2.5.0",
        "@dbmate/win32-x64": "2.5.0"
      }
    }
  }
}
